
Microsoft Visual Studio Solution File, Format Version 12.00
# Visual Studio Version 17
VisualStudioVersion = 17.13.35919.96
MinimumVisualStudioVersion = 10.0.40219.1
Project("{FAE04EC0-301F-11D3-BF4B-00C04F79EFBC}") = "Hyland.Server.Updater.OnBase.CLI", "src\Hyland.Server.Updater.OnBase.CLI\Hyland.Server.Updater.OnBase.CLI.csproj", "{648DDC94-8F49-4D2D-9511-E5A39279D097}"
EndProject
Global
	GlobalSection(SolutionConfigurationPlatforms) = preSolution
		Debug|Any CPU = Debug|Any CPU
		Release|Any CPU = Release|Any CPU
	EndGlobalSection
	GlobalSection(ProjectConfigurationPlatforms) = postSolution
		{648DDC94-8F49-4D2D-9511-E5A39279D097}.Debug|Any CPU.ActiveCfg = Debug|Any CPU
		{648DDC94-8F49-4D2D-9511-E5A39279D097}.Debug|Any CPU.Build.0 = Debug|Any CPU
		{648DDC94-8F49-4D2D-9511-E5A39279D097}.Release|Any CPU.ActiveCfg = Release|Any CPU
		{648DDC94-8F49-4D2D-9511-E5A39279D097}.Release|Any CPU.Build.0 = Release|Any CPU
	EndGlobalSection
	GlobalSection(SolutionProperties) = preSolution
		HideSolutionNode = FALSE
	EndGlobalSection
	GlobalSection(ExtensibilityGlobals) = postSolution
		SolutionGuid = {42C92351-C77F-4370-9759-9965AECDB742}
	EndGlobalSection
EndGlobal
